// !$*UTF8*$!
{
	archiveVersion = 1;
	classes = {
	};
	objectVersion = 46;
	objects = {

/* Begin PBXBuildFile section */
		6A0F34651DA6A0BD00F8FD65 /* ProductListCollectionViewController.swift in Sources */ = {isa = PBXBuildFile; fileRef = 6A0F34641DA6A0BD00F8FD65 /* ProductListCollectionViewController.swift */; };
		6A0F34671DA6A21300F8FD65 /* CollectionCell.swift in Sources */ = {isa = PBXBuildFile; fileRef = 6A0F34661DA6A21300F8FD65 /* CollectionCell.swift */; };
		6A2C4EE61DA767B800BB6360 /* ProductClass.swift in Sources */ = {isa = PBXBuildFile; fileRef = 6A2C4EE51DA767B800BB6360 /* ProductClass.swift */; };
		6A2C4EE81DA78AC600BB6360 /* SlideMenuController.swift in Sources */ = {isa = PBXBuildFile; fileRef = 6A2C4EE71DA78AC600BB6360 /* SlideMenuController.swift */; };
		6A2C4EEC1DA79B3600BB6360 /* LogInViewController.swift in Sources */ = {isa = PBXBuildFile; fileRef = 6A2C4EEB1DA79B3600BB6360 /* LogInViewController.swift */; };
		6A2C4EEE1DA7A14900BB6360 /* addtocart.png in Resources */ = {isa = PBXBuildFile; fileRef = 6A2C4EED1DA7A14900BB6360 /* addtocart.png */; };
		6A5987FC1DA6450600355312 /* AppDelegate.swift in Sources */ = {isa = PBXBuildFile; fileRef = 6A5987FB1DA6450600355312 /* AppDelegate.swift */; };
		6A5988011DA6450600355312 /* Main.storyboard in Resources */ = {isa = PBXBuildFile; fileRef = 6A5987FF1DA6450600355312 /* Main.storyboard */; };
		6A5988031DA6450700355312 /* Assets.xcassets in Resources */ = {isa = PBXBuildFile; fileRef = 6A5988021DA6450700355312 /* Assets.xcassets */; };
		6A5988061DA6450700355312 /* LaunchScreen.storyboard in Resources */ = {isa = PBXBuildFile; fileRef = 6A5988041DA6450700355312 /* LaunchScreen.storyboard */; };
		6A5988111DA6450700355312 /* KHEShop1Tests.swift in Sources */ = {isa = PBXBuildFile; fileRef = 6A5988101DA6450700355312 /* KHEShop1Tests.swift */; };
		6A59881C1DA6450700355312 /* KHEShop1UITests.swift in Sources */ = {isa = PBXBuildFile; fileRef = 6A59881B1DA6450700355312 /* KHEShop1UITests.swift */; };
		6A59882A1DA6495A00355312 /* ProductDescriptionViewController.swift in Sources */ = {isa = PBXBuildFile; fileRef = 6A5988291DA6495900355312 /* ProductDescriptionViewController.swift */; };
		6A59882C1DA64A1B00355312 /* bunmeng.jpg in Resources */ = {isa = PBXBuildFile; fileRef = 6A59882B1DA64A1B00355312 /* bunmeng.jpg */; };
/* End PBXBuildFile section */

/* Begin PBXContainerItemProxy section */
		6A59880D1DA6450700355312 /* PBXContainerItemProxy */ = {
			isa = PBXContainerItemProxy;
			containerPortal = 6A5987F01DA6450600355312 /* Project object */;
			proxyType = 1;
			remoteGlobalIDString = 6A5987F71DA6450600355312;
			remoteInfo = KHEShop1;
		};
		6A5988181DA6450700355312 /* PBXContainerItemProxy */ = {
			isa = PBXContainerItemProxy;
			containerPortal = 6A5987F01DA6450600355312 /* Project object */;
			proxyType = 1;
			remoteGlobalIDString = 6A5987F71DA6450600355312;
			remoteInfo = KHEShop1;
		};
/* End PBXContainerItemProxy section */

/* Begin PBXFileReference section */
		6A0F34641DA6A0BD00F8FD65 /* ProductListCollectionViewController.swift */ = {isa = PBXFileReference; fileEncoding = 4; lastKnownFileType = sourcecode.swift; path = ProductListCollectionViewController.swift; sourceTree = "<group>"; };
		6A0F34661DA6A21300F8FD65 /* CollectionCell.swift */ = {isa = PBXFileReference; fileEncoding = 4; lastKnownFileType = sourcecode.swift; path = CollectionCell.swift; sourceTree = "<group>"; };
		6A2C4EE51DA767B800BB6360 /* ProductClass.swift */ = {isa = PBXFileReference; fileEncoding = 4; lastKnownFileType = sourcecode.swift; path = ProductClass.swift; sourceTree = "<group>"; };
		6A2C4EE71DA78AC600BB6360 /* SlideMenuController.swift */ = {isa = PBXFileReference; fileEncoding = 4; lastKnownFileType = sourcecode.swift; path = SlideMenuController.swift; sourceTree = "<group>"; };
		6A2C4EEB1DA79B3600BB6360 /* LogInViewController.swift */ = {isa = PBXFileReference; fileEncoding = 4; lastKnownFileType = sourcecode.swift; path = LogInViewController.swift; sourceTree = "<group>"; };
		6A2C4EED1DA7A14900BB6360 /* addtocart.png */ = {isa = PBXFileReference; lastKnownFileType = image.png; path = addtocart.png; sourceTree = "<group>"; };
		6A5987F81DA6450600355312 /* KHEShop1.app */ = {isa = PBXFileReference; explicitFileType = wrapper.application; includeInIndex = 0; path = KHEShop1.app; sourceTree = BUILT_PRODUCTS_DIR; };
		6A5987FB1DA6450600355312 /* AppDelegate.swift */ = {isa = PBXFileReference; lastKnownFileType = sourcecode.swift; path = AppDelegate.swift; sourceTree = "<group>"; };
		6A5988001DA6450600355312 /* Base */ = {isa = PBXFileReference; lastKnownFileType = file.storyboard; name = Base; path = Base.lproj/Main.storyboard; sourceTree = "<group>"; };
		6A5988021DA6450700355312 /* Assets.xcassets */ = {isa = PBXFileReference; lastKnownFileType = folder.assetcatalog; path = Assets.xcassets; sourceTree = "<group>"; };
		6A5988051DA6450700355312 /* Base */ = {isa = PBXFileReference; lastKnownFileType = file.storyboard; name = Base; path = Base.lproj/LaunchScreen.storyboard; sourceTree = "<group>"; };
		6A5988071DA6450700355312 /* Info.plist */ = {isa = PBXFileReference; lastKnownFileType = text.plist.xml; path = Info.plist; sourceTree = "<group>"; };
		6A59880C1DA6450700355312 /* KHEShop1Tests.xctest */ = {isa = PBXFileReference; explicitFileType = wrapper.cfbundle; includeInIndex = 0; path = KHEShop1Tests.xctest; sourceTree = BUILT_PRODUCTS_DIR; };
		6A5988101DA6450700355312 /* KHEShop1Tests.swift */ = {isa = PBXFileReference; lastKnownFileType = sourcecode.swift; path = KHEShop1Tests.swift; sourceTree = "<group>"; };
		6A5988121DA6450700355312 /* Info.plist */ = {isa = PBXFileReference; lastKnownFileType = text.plist.xml; path = Info.plist; sourceTree = "<group>"; };
		6A5988171DA6450700355312 /* KHEShop1UITests.xctest */ = {isa = PBXFileReference; explicitFileType = wrapper.cfbundle; includeInIndex = 0; path = KHEShop1UITests.xctest; sourceTree = BUILT_PRODUCTS_DIR; };
		6A59881B1DA6450700355312 /* KHEShop1UITests.swift */ = {isa = PBXFileReference; lastKnownFileType = sourcecode.swift; path = KHEShop1UITests.swift; sourceTree = "<group>"; };
		6A59881D1DA6450700355312 /* Info.plist */ = {isa = PBXFileReference; lastKnownFileType = text.plist.xml; path = Info.plist; sourceTree = "<group>"; };
		6A5988291DA6495900355312 /* ProductDescriptionViewController.swift */ = {isa = PBXFileReference; fileEncoding = 4; lastKnownFileType = sourcecode.swift; path = ProductDescriptionViewController.swift; sourceTree = "<group>"; };
		6A59882B1DA64A1B00355312 /* bunmeng.jpg */ = {isa = PBXFileReference; lastKnownFileType = image.jpeg; path = bunmeng.jpg; sourceTree = "<group>"; };
/* End PBXFileReference section */

/* Begin PBXFrameworksBuildPhase section */
		6A5987F51DA6450600355312 /* Frameworks */ = {
			isa = PBXFrameworksBuildPhase;
			buildActionMask = 2147483647;
			files = (
			);
			runOnlyForDeploymentPostprocessing = 0;
		};
		6A5988091DA6450700355312 /* Frameworks */ = {
			isa = PBXFrameworksBuildPhase;
			buildActionMask = 2147483647;
			files = (
			);
			runOnlyForDeploymentPostprocessing = 0;
		};
		6A5988141DA6450700355312 /* Frameworks */ = {
			isa = PBXFrameworksBuildPhase;
			buildActionMask = 2147483647;
			files = (
			);
			runOnlyForDeploymentPostprocessing = 0;
		};
/* End PBXFrameworksBuildPhase section */

/* Begin PBXGroup section */
		6A5987EF1DA6450600355312 = {
			isa = PBXGroup;
			children = (
				6A5987FA1DA6450600355312 /* KHEShop1 */,
				6A59880F1DA6450700355312 /* KHEShop1Tests */,
				6A59881A1DA6450700355312 /* KHEShop1UITests */,
				6A5987F91DA6450600355312 /* Products */,
			);
			sourceTree = "<group>";
		};
		6A5987F91DA6450600355312 /* Products */ = {
			isa = PBXGroup;
			children = (
				6A5987F81DA6450600355312 /* KHEShop1.app */,
				6A59880C1DA6450700355312 /* KHEShop1Tests.xctest */,
				6A5988171DA6450700355312 /* KHEShop1UITests.xctest */,
			);
			name = Products;
			sourceTree = "<group>";
		};
		6A5987FA1DA6450600355312 /* KHEShop1 */ = {
			isa = PBXGroup;
			children = (
				6A5987FB1DA6450600355312 /* AppDelegate.swift */,
				6A5987FF1DA6450600355312 /* Main.storyboard */,
				6A5988021DA6450700355312 /* Assets.xcassets */,
				6A5988041DA6450700355312 /* LaunchScreen.storyboard */,
				6A5988071DA6450700355312 /* Info.plist */,
				6A0F34661DA6A21300F8FD65 /* CollectionCell.swift */,
				6A2C4EEB1DA79B3600BB6360 /* LogInViewController.swift */,
				6A2C4EE51DA767B800BB6360 /* ProductClass.swift */,
				6A5988291DA6495900355312 /* ProductDescriptionViewController.swift */,
				6A0F34641DA6A0BD00F8FD65 /* ProductListCollectionViewController.swift */,
				6A59882B1DA64A1B00355312 /* bunmeng.jpg */,
				6A2C4EE71DA78AC600BB6360 /* SlideMenuController.swift */,
				6A2C4EED1DA7A14900BB6360 /* addtocart.png */,
			);
			path = KHEShop1;
			sourceTree = "<group>";
		};
		6A59880F1DA6450700355312 /* KHEShop1Tests */ = {
			isa = PBXGroup;
			children = (
				6A5988101DA6450700355312 /* KHEShop1Tests.swift */,
				6A5988121DA6450700355312 /* Info.plist */,
			);
			path = KHEShop1Tests;
			sourceTree = "<group>";
		};
		6A59881A1DA6450700355312 /* KHEShop1UITests */ = {
			isa = PBXGroup;
			children = (
				6A59881B1DA6450700355312 /* KHEShop1UITests.swift */,
				6A59881D1DA6450700355312 /* Info.plist */,
			);
			path = KHEShop1UITests;
			sourceTree = "<group>";
		};
/* End PBXGroup section */

/* Begin PBXNativeTarget section */
		6A5987F71DA6450600355312 /* KHEShop1 */ = {
			isa = PBXNativeTarget;
			buildConfigurationList = 6A5988201DA6450700355312 /* Build configuration list for PBXNativeTarget "KHEShop1" */;
			buildPhases = (
				6A5987F41DA6450600355312 /* Sources */,
				6A5987F51DA6450600355312 /* Frameworks */,
				6A5987F61DA6450600355312 /* Resources */,
			);
			buildRules = (
			);
			dependencies = (
			);
			name = KHEShop1;
			productName = KHEShop1;
			productReference = 6A5987F81DA6450600355312 /* KHEShop1.app */;
			productType = "com.apple.product-type.application";
		};
		6A59880B1DA6450700355312 /* KHEShop1Tests */ = {
			isa = PBXNativeTarget;
			buildConfigurationList = 6A5988231DA6450700355312 /* Build configuration list for PBXNativeTarget "KHEShop1Tests" */;
			buildPhases = (
				6A5988081DA6450700355312 /* Sources */,
				6A5988091DA6450700355312 /* Frameworks */,
				6A59880A1DA6450700355312 /* Resources */,
			);
			buildRules = (
			);
			dependencies = (
				6A59880E1DA6450700355312 /* PBXTargetDependency */,
			);
			name = KHEShop1Tests;
			productName = KHEShop1Tests;
			productReference = 6A59880C1DA6450700355312 /* KHEShop1Tests.xctest */;
			productType = "com.apple.product-type.bundle.unit-test";
		};
		6A5988161DA6450700355312 /* KHEShop1UITests */ = {
			isa = PBXNativeTarget;
			buildConfigurationList = 6A5988261DA6450700355312 /* Build configuration list for PBXNativeTarget "KHEShop1UITests" */;
			buildPhases = (
				6A5988131DA6450700355312 /* Sources */,
				6A5988141DA6450700355312 /* Frameworks */,
				6A5988151DA6450700355312 /* Resources */,
			);
			buildRules = (
			);
			dependencies = (
				6A5988191DA6450700355312 /* PBXTargetDependency */,
			);
			name = KHEShop1UITests;
			productName = KHEShop1UITests;
			productReference = 6A5988171DA6450700355312 /* KHEShop1UITests.xctest */;
			productType = "com.apple.product-type.bundle.ui-testing";
		};
/* End PBXNativeTarget section */

/* Begin PBXProject section */
		6A5987F01DA6450600355312 /* Project object */ = {
			isa = PBXProject;
			attributes = {
				LastSwiftUpdateCheck = 0800;
				LastUpgradeCheck = 0800;
				ORGANIZATIONNAME = Bunmeng;
				TargetAttributes = {
					6A5987F71DA6450600355312 = {
						CreatedOnToolsVersion = 8.0;
						ProvisioningStyle = Automatic;
					};
					6A59880B1DA6450700355312 = {
						CreatedOnToolsVersion = 8.0;
						DevelopmentTeam = 595Y4L6QQ8;
						ProvisioningStyle = Automatic;
						TestTargetID = 6A5987F71DA6450600355312;
					};
					6A5988161DA6450700355312 = {
						CreatedOnToolsVersion = 8.0;
						DevelopmentTeam = 595Y4L6QQ8;
						ProvisioningStyle = Automatic;
						TestTargetID = 6A5987F71DA6450600355312;
					};
				};
			};
			buildConfigurationList = 6A5987F31DA6450600355312 /* Build configuration list for PBXProject "KHEShop1" */;
			compatibilityVersion = "Xcode 3.2";
			developmentRegion = English;
			hasScannedForEncodings = 0;
			knownRegions = (
				en,
				Base,
			);
			mainGroup = 6A5987EF1DA6450600355312;
			productRefGroup = 6A5987F91DA6450600355312 /* Products */;
			projectDirPath = "";
			projectRoot = "";
			targets = (
				6A5987F71DA6450600355312 /* KHEShop1 */,
				6A59880B1DA6450700355312 /* KHEShop1Tests */,
				6A5988161DA6450700355312 /* KHEShop1UITests */,
			);
		};
/* End PBXProject section */

/* Begin PBXResourcesBuildPhase section */
		6A5987F61DA6450600355312 /* Resources */ = {
			isa = PBXResourcesBuildPhase;
			buildActionMask = 2147483647;
			files = (
				6A5988061DA6450700355312 /* LaunchScreen.storyboard in Resources */,
				6A5988031DA6450700355312 /* Assets.xcassets in Resources */,
				6A59882C1DA64A1B00355312 /* bunmeng.jpg in Resources */,
				6A5988011DA6450600355312 /* Main.storyboard in Resources */,
				6A2C4EEE1DA7A14900BB6360 /* addtocart.png in Resources */,
			);
			runOnlyForDeploymentPostprocessing = 0;
		};
		6A59880A1DA6450700355312 /* Resources */ = {
			isa = PBXResourcesBuildPhase;
			buildActionMask = 2147483647;
			files = (
			);
			runOnlyForDeploymentPostprocessing = 0;
		};
		6A5988151DA6450700355312 /* Resources */ = {
			isa = PBXResourcesBuildPhase;
			buildActionMask = 2147483647;
			files = (
			);
			runOnlyForDeploymentPostprocessing = 0;
		};
/* End PBXResourcesBuildPhase section */

/* Begin PBXSourcesBuildPhase section */
		6A5987F41DA6450600355312 /* Sources */ = {
			isa = PBXSourcesBuildPhase;
			buildActionMask = 2147483647;
			files = (
				6A2C4EE61DA767B800BB6360 /* ProductClass.swift in Sources */,
				6A2C4EE81DA78AC600BB6360 /* SlideMenuController.swift in Sources */,
				6A0F34651DA6A0BD00F8FD65 /* ProductListCollectionViewController.swift in Sources */,
				6A2C4EEC1DA79B3600BB6360 /* LogInViewController.swift in Sources */,
				6A59882A1DA6495A00355312 /* ProductDescriptionViewController.swift in Sources */,
				6A5987FC1DA6450600355312 /* AppDelegate.swift in Sources */,
				6A0F34671DA6A21300F8FD65 /* CollectionCell.swift in Sources */,
			);
			runOnlyForDeploymentPostprocessing = 0;
		};
		6A5988081DA6450700355312 /* Sources */ = {
			isa = PBXSourcesBuildPhase;
			buildActionMask = 2147483647;
			files = (
				6A5988111DA6450700355312 /* KHEShop1Tests.swift in Sources */,
			);
			runOnlyForDeploymentPostprocessing = 0;
		};
		6A5988131DA6450700355312 /* Sources */ = {
			isa = PBXSourcesBuildPhase;
			buildActionMask = 2147483647;
			files = (
				6A59881C1DA6450700355312 /* KHEShop1UITests.swift in Sources */,
			);
			runOnlyForDeploymentPostprocessing = 0;
		};
/* End PBXSourcesBuildPhase section */

/* Begin PBXTargetDependency section */
		6A59880E1DA6450700355312 /* PBXTargetDependency */ = {
			isa = PBXTargetDependency;
			target = 6A5987F71DA6450600355312 /* KHEShop1 */;
			targetProxy = 6A59880D1DA6450700355312 /* PBXContainerItemProxy */;
		};
		6A5988191DA6450700355312 /* PBXTargetDependency */ = {
			isa = PBXTargetDependency;
			target = 6A5987F71DA6450600355312 /* KHEShop1 */;
			targetProxy = 6A5988181DA6450700355312 /* PBXContainerItemProxy */;
		};
/* End PBXTargetDependency section */

/* Begin PBXVariantGroup section */
		6A5987FF1DA6450600355312 /* Main.storyboard */ = {
			isa = PBXVariantGroup;
			children = (
				6A5988001DA6450600355312 /* Base */,
			);
			name = Main.storyboard;
			sourceTree = "<group>";
		};
		6A5988041DA6450700355312 /* LaunchScreen.storyboard */ = {
			isa = PBXVariantGroup;
			children = (
				6A5988051DA6450700355312 /* Base */,
			);
			name = LaunchScreen.storyboard;
			sourceTree = "<group>";
		};
/* End PBXVariantGroup section */

/* Begin XCBuildConfiguration section */
		6A59881E1DA6450700355312 /* Debug */ = {
			isa = XCBuildConfiguration;
			buildSettings = {
				ALWAYS_SEARCH_USER_PATHS = NO;
				CLANG_ANALYZER_NONNULL = YES;
				CLANG_CXX_LANGUAGE_STANDARD = "gnu++0x";
				CLANG_CXX_LIBRARY = "libc++";
				CLANG_ENABLE_MODULES = YES;
				CLANG_ENABLE_OBJC_ARC = YES;
				CLANG_WARN_BOOL_CONVERSION = YES;
				CLANG_WARN_CONSTANT_CONVERSION = YES;
				CLANG_WARN_DIRECT_OBJC_ISA_USAGE = YES_ERROR;
				CLANG_WARN_DOCUMENTATION_COMMENTS = YES;
				CLANG_WARN_EMPTY_BODY = YES;
				CLANG_WARN_ENUM_CONVERSION = YES;
				CLANG_WARN_INFINITE_RECURSION = YES;
				CLANG_WARN_INT_CONVERSION = YES;
				CLANG_WARN_OBJC_ROOT_CLASS = YES_ERROR;
				CLANG_WARN_SUSPICIOUS_MOVES = YES;
				CLANG_WARN_UNREACHABLE_CODE = YES;
				CLANG_WARN__DUPLICATE_METHOD_MATCH = YES;
				"CODE_SIGN_IDENTITY[sdk=iphoneos*]" = "iPhone Developer";
				COPY_PHASE_STRIP = NO;
				DEBUG_INFORMATION_FORMAT = dwarf;
				ENABLE_STRICT_OBJC_MSGSEND = YES;
				ENABLE_TESTABILITY = YES;
				GCC_C_LANGUAGE_STANDARD = gnu99;
				GCC_DYNAMIC_NO_PIC = NO;
				GCC_NO_COMMON_BLOCKS = YES;
				GCC_OPTIMIZATION_LEVEL = 0;
				GCC_PREPROCESSOR_DEFINITIONS = (
					"DEBUG=1",
					"$(inherited)",
				);
				GCC_WARN_64_TO_32_BIT_CONVERSION = YES;
				GCC_WARN_ABOUT_RETURN_TYPE = YES_ERROR;
				GCC_WARN_UNDECLARED_SELECTOR = YES;
				GCC_WARN_UNINITIALIZED_AUTOS = YES_AGGRESSIVE;
				GCC_WARN_UNUSED_FUNCTION = YES;
				GCC_WARN_UNUSED_VARIABLE = YES;
				IPHONEOS_DEPLOYMENT_TARGET = 10.0;
				MTL_ENABLE_DEBUG_INFO = YES;
				ONLY_ACTIVE_ARCH = YES;
				SDKROOT = iphoneos;
				SWIFT_ACTIVE_COMPILATION_CONDITIONS = DEBUG;
				SWIFT_OPTIMIZATION_LEVEL = "-Onone";
				TARGETED_DEVICE_FAMILY = "1,2";
			};
			name = Debug;
		};
		6A59881F1DA6450700355312 /* Release */ = {
			isa = XCBuildConfiguration;
			buildSettings = {
				ALWAYS_SEARCH_USER_PATHS = NO;
				CLANG_ANALYZER_NONNULL = YES;
				CLANG_CXX_LANGUAGE_STANDARD = "gnu++0x";
				CLANG_CXX_LIBRARY = "libc++";
				CLANG_ENABLE_MODULES = YES;
				CLANG_ENABLE_OBJC_ARC = YES;
				CLANG_WARN_BOOL_CONVERSION = YES;
				CLANG_WARN_CONSTANT_CONVERSION = YES;
				CLANG_WARN_DIRECT_OBJC_ISA_USAGE = YES_ERROR;
				CLANG_WARN_DOCUMENTATION_COMMENTS = YES;
				CLANG_WARN_EMPTY_BODY = YES;
				CLANG_WARN_ENUM_CONVERSION = YES;
				CLANG_WARN_INFINITE_RECURSION = YES;
				CLANG_WARN_INT_CONVERSION = YES;
				CLANG_WARN_OBJC_ROOT_CLASS = YES_ERROR;
				CLANG_WARN_SUSPICIOUS_MOVES = YES;
				CLANG_WARN_UNREACHABLE_CODE = YES;
				CLANG_WARN__DUPLICATE_METHOD_MATCH = YES;
				"CODE_SIGN_IDENTITY[sdk=iphoneos*]" = "iPhone Developer";
				COPY_PHASE_STRIP = NO;
				DEBUG_INFORMATION_FORMAT = "dwarf-with-dsym";
				ENABLE_NS_ASSERTIONS = NO;
				ENABLE_STRICT_OBJC_MSGSEND = YES;
				GCC_C_LANGUAGE_STANDARD = gnu99;
				GCC_NO_COMMON_BLOCKS = YES;
				GCC_WARN_64_TO_32_BIT_CONVERSION = YES;
				GCC_WARN_ABOUT_RETURN_TYPE = YES_ERROR;
				GCC_WARN_UNDECLARED_SELECTOR = YES;
				GCC_WARN_UNINITIALIZED_AUTOS = YES_AGGRESSIVE;
				GCC_WARN_UNUSED_FUNCTION = YES;
				GCC_WARN_UNUSED_VARIABLE = YES;
				IPHONEOS_DEPLOYMENT_TARGET = 10.0;
				MTL_ENABLE_DEBUG_INFO = NO;
				SDKROOT = iphoneos;
				SWIFT_OPTIMIZATION_LEVEL = "-Owholemodule";
				TARGETED_DEVICE_FAMILY = "1,2";
				VALIDATE_PRODUCT = YES;
			};
			name = Release;
		};
		6A5988211DA6450700355312 /* Debug */ = {
			isa = XCBuildConfiguration;
			buildSettings = {
				ASSETCATALOG_COMPILER_APPICON_NAME = AppIcon;
				DEVELOPMENT_TEAM = "";
				INFOPLIST_FILE = KHEShop1/Info.plist;
				LD_RUNPATH_SEARCH_PATHS = "$(inherited) @executable_path/Frameworks";
				PRODUCT_BUNDLE_IDENTIFIER = BT.KHEShop1;
				PRODUCT_NAME = "$(TARGET_NAME)";
				SWIFT_VERSION = 3.0;
			};
			name = Debug;
		};
		6A5988221DA6450700355312 /* Release */ = {
			isa = XCBuildConfiguration;
			buildSettings = {
				ASSETCATALOG_COMPILER_APPICON_NAME = AppIcon;
				DEVELOPMENT_TEAM = "";
				INFOPLIST_FILE = KHEShop1/Info.plist;
				LD_RUNPATH_SEARCH_PATHS = "$(inherited) @executable_path/Frameworks";
				PRODUCT_BUNDLE_IDENTIFIER = BT.KHEShop1;
				PRODUCT_NAME = "$(TARGET_NAME)";
				SWIFT_VERSION = 3.0;
			};
			name = Release;
		};
		6A5988241DA6450700355312 /* Debug */ = {
			isa = XCBuildConfiguration;
			buildSettings = {
				ALWAYS_EMBED_SWIFT_STANDARD_LIBRARIES = YES;
				BUNDLE_LOADER = "$(TEST_HOST)";
				DEVELOPMENT_TEAM = 595Y4L6QQ8;
				INFOPLIST_FILE = KHEShop1Tests/Info.plist;
				LD_RUNPATH_SEARCH_PATHS = "$(inherited) @executable_path/Frameworks @loader_path/Frameworks";
				PRODUCT_BUNDLE_IDENTIFIER = BT.KHEShop1Tests;
				PRODUCT_NAME = "$(TARGET_NAME)";
				SWIFT_VERSION = 3.0;
				TEST_HOST = "$(BUILT_PRODUCTS_DIR)/KHEShop1.app/KHEShop1";
			};
			name = Debug;
		};
		6A5988251DA6450700355312 /* Release */ = {
			isa = XCBuildConfiguration;
			buildSettings = {
				ALWAYS_EMBED_SWIFT_STANDARD_LIBRARIES = YES;
				BUNDLE_LOADER = "$(TEST_HOST)";
				DEVELOPMENT_TEAM = 595Y4L6QQ8;
				INFOPLIST_FILE = KHEShop1Tests/Info.plist;
				LD_RUNPATH_SEARCH_PATHS = "$(inherited) @executable_path/Frameworks @loader_path/Frameworks";
				PRODUCT_BUNDLE_IDENTIFIER = BT.KHEShop1Tests;
				PRODUCT_NAME = "$(TARGET_NAME)";
				SWIFT_VERSION = 3.0;
				TEST_HOST = "$(BUILT_PRODUCTS_DIR)/KHEShop1.app/KHEShop1";
			};
			name = Release;
		};
		6A5988271DA6450700355312 /* Debug */ = {
			isa = XCBuildConfiguration;
			buildSettings = {
				ALWAYS_EMBED_SWIFT_STANDARD_LIBRARIES = YES;
				DEVELOPMENT_TEAM = 595Y4L6QQ8;
				INFOPLIST_FILE = KHEShop1UITests/Info.plist;
				LD_RUNPATH_SEARCH_PATHS = "$(inherited) @executable_path/Frameworks @loader_path/Frameworks";
				PRODUCT_BUNDLE_IDENTIFIER = BT.KHEShop1UITests;
				PRODUCT_NAME = "$(TARGET_NAME)";
				SWIFT_VERSION = 3.0;
				TEST_TARGET_NAME = KHEShop1;
			};
			name = Debug;
		};
		6A5988281DA6450700355312 /* Release */ = {
			isa = XCBuildConfiguration;
			buildSettings = {
				ALWAYS_EMBED_SWIFT_STANDARD_LIBRARIES = YES;
				DEVELOPMENT_TEAM = 595Y4L6QQ8;
				INFOPLIST_FILE = KHEShop1UITests/Info.plist;
				LD_RUNPATH_SEARCH_PATHS = "$(inherited) @executable_path/Frameworks @loader_path/Frameworks";
				PRODUCT_BUNDLE_IDENTIFIER = BT.KHEShop1UITests;
				PRODUCT_NAME = "$(TARGET_NAME)";
				SWIFT_VERSION = 3.0;
				TEST_TARGET_NAME = KHEShop1;
			};
			name = Release;
		};
/* End XCBuildConfiguration section */

/* Begin XCConfigurationList section */
		6A5987F31DA6450600355312 /* Build configuration list for PBXProject "KHEShop1" */ = {
			isa = XCConfigurationList;
			buildConfigurations = (
				6A59881E1DA6450700355312 /* Debug */,
				6A59881F1DA6450700355312 /* Release */,
			);
			defaultConfigurationIsVisible = 0;
			defaultConfigurationName = Release;
		};
		6A5988201DA6450700355312 /* Build configuration list for PBXNativeTarget "KHEShop1" */ = {
			isa = XCConfigurationList;
			buildConfigurations = (
				6A5988211DA6450700355312 /* Debug */,
				6A5988221DA6450700355312 /* Release */,
			);
			defaultConfigurationIsVisible = 0;
			defaultConfigurationName = Release;
		};
		6A5988231DA6450700355312 /* Build configuration list for PBXNativeTarget "KHEShop1Tests" */ = {
			isa = XCConfigurationList;
			buildConfigurations = (
				6A5988241DA6450700355312 /* Debug */,
				6A5988251DA6450700355312 /* Release */,
			);
			defaultConfigurationIsVisible = 0;
			defaultConfigurationName = Release;
		};
		6A5988261DA6450700355312 /* Build configuration list for PBXNativeTarget "KHEShop1UITests" */ = {
			isa = XCConfigurationList;
			buildConfigurations = (
				6A5988271DA6450700355312 /* Debug */,
				6A5988281DA6450700355312 /* Release */,
			);
			defaultConfigurationIsVisible = 0;
			defaultConfigurationName = Release;
		};
/* End XCConfigurationList section */
	};
	rootObject = 6A5987F01DA6450600355312 /* Project object */;
}
